
Microsoft Visual Studio Solution File, Format Version 12.00
# Visual Studio 15
Project("{FAE04EC0-301F-11D3-BF4B-00C04F79EFBC}") = "Assembly-CSharp", "Assembly-CSharp.csproj", "{63AF3B18-B042-AA1D-BA71-A1F85E9AD3EF}"
EndProject
Project("{FAE04EC0-301F-11D3-BF4B-00C04F79EFBC}") = "UnityEngine.TestRunner", "UnityEngine.TestRunner.csproj", "{7378B8BB-063C-F93D-BF10-B32554191CEB}"
EndProject
Project("{FAE04EC0-301F-11D3-BF4B-00C04F79EFBC}") = "UnityEngine.UI", "UnityEngine.UI.csproj", "{796FF0E7-8621-6CB8-4397-AC4060109D06}"
EndProject
Project("{FAE04EC0-301F-11D3-BF4B-00C04F79EFBC}") = "Unity.Timeline", "Unity.Timeline.csproj", "{70C49ED2-C82E-F9A6-9494-F72FDEA1CD77}"
EndProject
Project("{FAE04EC0-301F-11D3-BF4B-00C04F79EFBC}") = "Cinemachine", "Cinemachine.csproj", "{F492C5E0-E2D7-F6E9-30F8-8261586B2B4D}"
EndProject
Project("{FAE04EC0-301F-11D3-BF4B-00C04F79EFBC}") = "Unity.TextMeshPro", "Unity.TextMeshPro.csproj", "{6AA5F910-6005-DA98-063D-7C47681CF5D0}"
EndProject
Project("{FAE04EC0-301F-11D3-BF4B-00C04F79EFBC}") = "Unity.Notifications.Android", "Unity.Notifications.Android.csproj", "{B2234BC0-1EF3-A786-8AF6-6490C6E18622}"
EndProject
Project("{FAE04EC0-301F-11D3-BF4B-00C04F79EFBC}") = "Unity.Notifications.iOS", "Unity.Notifications.iOS.csproj", "{80091540-C8B4-1E48-1867-C7AE88778CA9}"
EndProject
Project("{FAE04EC0-301F-11D3-BF4B-00C04F79EFBC}") = "Unity.Timeline.Editor", "Unity.Timeline.Editor.csproj", "{0F8D6E2E-14D5-19DB-5DD0-5C59BBE9F0B7}"
EndProject
Project("{FAE04EC0-301F-11D3-BF4B-00C04F79EFBC}") = "UnityEditor.TestRunner", "UnityEditor.TestRunner.csproj", "{643AA1D5-3187-2FAE-5583-B399C9E1F869}"
EndProject
Project("{FAE04EC0-301F-11D3-BF4B-00C04F79EFBC}") = "UnityEditor.UI", "UnityEditor.UI.csproj", "{0F4DCFCB-D329-AE4E-480E-D8A32D490921}"
EndProject
Project("{FAE04EC0-301F-11D3-BF4B-00C04F79EFBC}") = "Unity.VisualStudio.Editor", "Unity.VisualStudio.Editor.csproj", "{95B2919A-D5EB-AD7D-2E42-7453AF2066D3}"
EndProject
Project("{FAE04EC0-301F-11D3-BF4B-00C04F79EFBC}") = "com.unity.cinemachine.editor", "com.unity.cinemachine.editor.csproj", "{84D4B1AF-3030-4154-0230-1777F7830349}"
EndProject
Project("{FAE04EC0-301F-11D3-BF4B-00C04F79EFBC}") = "Unity.TextMeshPro.Editor", "Unity.TextMeshPro.Editor.csproj", "{21997AC6-3B74-9591-0E5F-6CD3D04FEC7E}"
EndProject
Project("{FAE04EC0-301F-11D3-BF4B-00C04F79EFBC}") = "Unity.CollabProxy.Editor", "Unity.CollabProxy.Editor.csproj", "{CBF2D3ED-99D8-DB58-B743-09DD0E8CB8B7}"
EndProject
Project("{FAE04EC0-301F-11D3-BF4B-00C04F79EFBC}") = "Unity.Mobile.AndroidLogcat.Editor", "Unity.Mobile.AndroidLogcat.Editor.csproj", "{C7AA9017-2163-99C0-491E-A4F278019152}"
EndProject
Project("{FAE04EC0-301F-11D3-BF4B-00C04F79EFBC}") = "Unity.VSCode.Editor", "Unity.VSCode.Editor.csproj", "{2BCF00D0-269D-E61C-9102-E5041FB3F33D}"
EndProject
Project("{FAE04EC0-301F-11D3-BF4B-00C04F79EFBC}") = "Unity.Rider.Editor", "Unity.Rider.Editor.csproj", "{96E2E99C-4245-14A6-AE89-7C281CEF53EC}"
EndProject
Project("{FAE04EC0-301F-11D3-BF4B-00C04F79EFBC}") = "Unity.Notifications", "Unity.Notifications.csproj", "{5592DC8C-5D6F-6554-618C-4BD14BC80631}"
EndProject
Project("{FAE04EC0-301F-11D3-BF4B-00C04F79EFBC}") = "Assembly-CSharp", "Assembly-CSharp.Player.csproj", "{5DE6F814-D5CE-0933-02FB-8F653961864B}"
EndProject
Project("{FAE04EC0-301F-11D3-BF4B-00C04F79EFBC}") = "UnityEngine.TestRunner", "UnityEngine.TestRunner.Player.csproj", "{05138119-219C-9D29-F14A-78A11DAE259A}"
EndProject
Project("{FAE04EC0-301F-11D3-BF4B-00C04F79EFBC}") = "UnityEngine.UI", "UnityEngine.UI.Player.csproj", "{2F138BEE-937D-DFF0-0653-5106C8BC2F2D}"
EndProject
Project("{FAE04EC0-301F-11D3-BF4B-00C04F79EFBC}") = "Unity.Timeline", "Unity.Timeline.Player.csproj", "{3915F370-A5BA-D69E-C9CC-85CAE176E386}"
EndProject
Project("{FAE04EC0-301F-11D3-BF4B-00C04F79EFBC}") = "Cinemachine", "Cinemachine.Player.csproj", "{A17C5D11-5066-9A57-FA2B-B864C4092ECC}"
EndProject
Project("{FAE04EC0-301F-11D3-BF4B-00C04F79EFBC}") = "Unity.TextMeshPro", "Unity.TextMeshPro.Player.csproj", "{CE18BC76-3BAA-5247-8126-1706FA42F367}"
EndProject
Global
	GlobalSection(SolutionConfigurationPlatforms) = preSolution
		Debug|Any CPU = Debug|Any CPU
		Release|Any CPU = Release|Any CPU
	EndGlobalSection
	GlobalSection(ProjectConfigurationPlatforms) = postSolution
		{63AF3B18-B042-AA1D-BA71-A1F85E9AD3EF}.Debug|Any CPU.ActiveCfg = Debug|Any CPU
		{63AF3B18-B042-AA1D-BA71-A1F85E9AD3EF}.Debug|Any CPU.Build.0 = Debug|Any CPU
		{63AF3B18-B042-AA1D-BA71-A1F85E9AD3EF}.Release|Any CPU.ActiveCfg = Release|Any CPU
		{63AF3B18-B042-AA1D-BA71-A1F85E9AD3EF}.Release|Any CPU.Build.0 = Release|Any CPU
		{7378B8BB-063C-F93D-BF10-B32554191CEB}.Debug|Any CPU.ActiveCfg = Debug|Any CPU
		{7378B8BB-063C-F93D-BF10-B32554191CEB}.Debug|Any CPU.Build.0 = Debug|Any CPU
		{7378B8BB-063C-F93D-BF10-B32554191CEB}.Release|Any CPU.ActiveCfg = Release|Any CPU
		{7378B8BB-063C-F93D-BF10-B32554191CEB}.Release|Any CPU.Build.0 = Release|Any CPU
		{796FF0E7-8621-6CB8-4397-AC4060109D06}.Debug|Any CPU.ActiveCfg = Debug|Any CPU
		{796FF0E7-8621-6CB8-4397-AC4060109D06}.Debug|Any CPU.Build.0 = Debug|Any CPU
		{796FF0E7-8621-6CB8-4397-AC4060109D06}.Release|Any CPU.ActiveCfg = Release|Any CPU
		{796FF0E7-8621-6CB8-4397-AC4060109D06}.Release|Any CPU.Build.0 = Release|Any CPU
		{70C49ED2-C82E-F9A6-9494-F72FDEA1CD77}.Debug|Any CPU.ActiveCfg = Debug|Any CPU
		{70C49ED2-C82E-F9A6-9494-F72FDEA1CD77}.Debug|Any CPU.Build.0 = Debug|Any CPU
		{70C49ED2-C82E-F9A6-9494-F72FDEA1CD77}.Release|Any CPU.ActiveCfg = Release|Any CPU
		{70C49ED2-C82E-F9A6-9494-F72FDEA1CD77}.Release|Any CPU.Build.0 = Release|Any CPU
		{F492C5E0-E2D7-F6E9-30F8-8261586B2B4D}.Debug|Any CPU.ActiveCfg = Debug|Any CPU
		{F492C5E0-E2D7-F6E9-30F8-8261586B2B4D}.Debug|Any CPU.Build.0 = Debug|Any CPU
		{F492C5E0-E2D7-F6E9-30F8-8261586B2B4D}.Release|Any CPU.ActiveCfg = Release|Any CPU
		{F492C5E0-E2D7-F6E9-30F8-8261586B2B4D}.Release|Any CPU.Build.0 = Release|Any CPU
		{6AA5F910-6005-DA98-063D-7C47681CF5D0}.Debug|Any CPU.ActiveCfg = Debug|Any CPU
		{6AA5F910-6005-DA98-063D-7C47681CF5D0}.Debug|Any CPU.Build.0 = Debug|Any CPU
		{6AA5F910-6005-DA98-063D-7C47681CF5D0}.Release|Any CPU.ActiveCfg = Release|Any CPU
		{6AA5F910-6005-DA98-063D-7C47681CF5D0}.Release|Any CPU.Build.0 = Release|Any CPU
		{B2234BC0-1EF3-A786-8AF6-6490C6E18622}.Debug|Any CPU.ActiveCfg = Debug|Any CPU
		{B2234BC0-1EF3-A786-8AF6-6490C6E18622}.Debug|Any CPU.Build.0 = Debug|Any CPU
		{B2234BC0-1EF3-A786-8AF6-6490C6E18622}.Release|Any CPU.ActiveCfg = Release|Any CPU
		{B2234BC0-1EF3-A786-8AF6-6490C6E18622}.Release|Any CPU.Build.0 = Release|Any CPU
		{80091540-C8B4-1E48-1867-C7AE88778CA9}.Debug|Any CPU.ActiveCfg = Debug|Any CPU
		{80091540-C8B4-1E48-1867-C7AE88778CA9}.Debug|Any CPU.Build.0 = Debug|Any CPU
		{80091540-C8B4-1E48-1867-C7AE88778CA9}.Release|Any CPU.ActiveCfg = Release|Any CPU
		{80091540-C8B4-1E48-1867-C7AE88778CA9}.Release|Any CPU.Build.0 = Release|Any CPU
		{0F8D6E2E-14D5-19DB-5DD0-5C59BBE9F0B7}.Debug|Any CPU.ActiveCfg = Debug|Any CPU
		{0F8D6E2E-14D5-19DB-5DD0-5C59BBE9F0B7}.Debug|Any CPU.Build.0 = Debug|Any CPU
		{0F8D6E2E-14D5-19DB-5DD0-5C59BBE9F0B7}.Release|Any CPU.ActiveCfg = Release|Any CPU
		{0F8D6E2E-14D5-19DB-5DD0-5C59BBE9F0B7}.Release|Any CPU.Build.0 = Release|Any CPU
		{643AA1D5-3187-2FAE-5583-B399C9E1F869}.Debug|Any CPU.ActiveCfg = Debug|Any CPU
		{643AA1D5-3187-2FAE-5583-B399C9E1F869}.Debug|Any CPU.Build.0 = Debug|Any CPU
		{643AA1D5-3187-2FAE-5583-B399C9E1F869}.Release|Any CPU.ActiveCfg = Release|Any CPU
		{643AA1D5-3187-2FAE-5583-B399C9E1F869}.Release|Any CPU.Build.0 = Release|Any CPU
		{0F4DCFCB-D329-AE4E-480E-D8A32D490921}.Debug|Any CPU.ActiveCfg = Debug|Any CPU
		{0F4DCFCB-D329-AE4E-480E-D8A32D490921}.Debug|Any CPU.Build.0 = Debug|Any CPU
		{0F4DCFCB-D329-AE4E-480E-D8A32D490921}.Release|Any CPU.ActiveCfg = Release|Any CPU
		{0F4DCFCB-D329-AE4E-480E-D8A32D490921}.Release|Any CPU.Build.0 = Release|Any CPU
		{95B2919A-D5EB-AD7D-2E42-7453AF2066D3}.Debug|Any CPU.ActiveCfg = Debug|Any CPU
		{95B2919A-D5EB-AD7D-2E42-7453AF2066D3}.Debug|Any CPU.Build.0 = Debug|Any CPU
		{95B2919A-D5EB-AD7D-2E42-7453AF2066D3}.Release|Any CPU.ActiveCfg = Release|Any CPU
		{95B2919A-D5EB-AD7D-2E42-7453AF2066D3}.Release|Any CPU.Build.0 = Release|Any CPU
		{84D4B1AF-3030-4154-0230-1777F7830349}.Debug|Any CPU.ActiveCfg = Debug|Any CPU
		{84D4B1AF-3030-4154-0230-1777F7830349}.Debug|Any CPU.Build.0 = Debug|Any CPU
		{84D4B1AF-3030-4154-0230-1777F7830349}.Release|Any CPU.ActiveCfg = Release|Any CPU
		{84D4B1AF-3030-4154-0230-1777F7830349}.Release|Any CPU.Build.0 = Release|Any CPU
		{21997AC6-3B74-9591-0E5F-6CD3D04FEC7E}.Debug|Any CPU.ActiveCfg = Debug|Any CPU
		{21997AC6-3B74-9591-0E5F-6CD3D04FEC7E}.Debug|Any CPU.Build.0 = Debug|Any CPU
		{21997AC6-3B74-9591-0E5F-6CD3D04FEC7E}.Release|Any CPU.ActiveCfg = Release|Any CPU
		{21997AC6-3B74-9591-0E5F-6CD3D04FEC7E}.Release|Any CPU.Build.0 = Release|Any CPU
		{CBF2D3ED-99D8-DB58-B743-09DD0E8CB8B7}.Debug|Any CPU.ActiveCfg = Debug|Any CPU
		{CBF2D3ED-99D8-DB58-B743-09DD0E8CB8B7}.Debug|Any CPU.Build.0 = Debug|Any CPU
		{CBF2D3ED-99D8-DB58-B743-09DD0E8CB8B7}.Release|Any CPU.ActiveCfg = Release|Any CPU
		{CBF2D3ED-99D8-DB58-B743-09DD0E8CB8B7}.Release|Any CPU.Build.0 = Release|Any CPU
		{C7AA9017-2163-99C0-491E-A4F278019152}.Debug|Any CPU.ActiveCfg = Debug|Any CPU
		{C7AA9017-2163-99C0-491E-A4F278019152}.Debug|Any CPU.Build.0 = Debug|Any CPU
		{C7AA9017-2163-99C0-491E-A4F278019152}.Release|Any CPU.ActiveCfg = Release|Any CPU
		{C7AA9017-2163-99C0-491E-A4F278019152}.Release|Any CPU.Build.0 = Release|Any CPU
		{2BCF00D0-269D-E61C-9102-E5041FB3F33D}.Debug|Any CPU.ActiveCfg = Debug|Any CPU
		{2BCF00D0-269D-E61C-9102-E5041FB3F33D}.Debug|Any CPU.Build.0 = Debug|Any CPU
		{2BCF00D0-269D-E61C-9102-E5041FB3F33D}.Release|Any CPU.ActiveCfg = Release|Any CPU
		{2BCF00D0-269D-E61C-9102-E5041FB3F33D}.Release|Any CPU.Build.0 = Release|Any CPU
		{96E2E99C-4245-14A6-AE89-7C281CEF53EC}.Debug|Any CPU.ActiveCfg = Debug|Any CPU
		{96E2E99C-4245-14A6-AE89-7C281CEF53EC}.Debug|Any CPU.Build.0 = Debug|Any CPU
		{96E2E99C-4245-14A6-AE89-7C281CEF53EC}.Release|Any CPU.ActiveCfg = Release|Any CPU
		{96E2E99C-4245-14A6-AE89-7C281CEF53EC}.Release|Any CPU.Build.0 = Release|Any CPU
		{5592DC8C-5D6F-6554-618C-4BD14BC80631}.Debug|Any CPU.ActiveCfg = Debug|Any CPU
		{5592DC8C-5D6F-6554-618C-4BD14BC80631}.Debug|Any CPU.Build.0 = Debug|Any CPU
		{5592DC8C-5D6F-6554-618C-4BD14BC80631}.Release|Any CPU.ActiveCfg = Release|Any CPU
		{5592DC8C-5D6F-6554-618C-4BD14BC80631}.Release|Any CPU.Build.0 = Release|Any CPU
		{5DE6F814-D5CE-0933-02FB-8F653961864B}.Debug|Any CPU.ActiveCfg = Debug|Any CPU
		{5DE6F814-D5CE-0933-02FB-8F653961864B}.Debug|Any CPU.Build.0 = Debug|Any CPU
		{5DE6F814-D5CE-0933-02FB-8F653961864B}.Release|Any CPU.ActiveCfg = Release|Any CPU
		{5DE6F814-D5CE-0933-02FB-8F653961864B}.Release|Any CPU.Build.0 = Release|Any CPU
		{05138119-219C-9D29-F14A-78A11DAE259A}.Debug|Any CPU.ActiveCfg = Debug|Any CPU
		{05138119-219C-9D29-F14A-78A11DAE259A}.Debug|Any CPU.Build.0 = Debug|Any CPU
		{05138119-219C-9D29-F14A-78A11DAE259A}.Release|Any CPU.ActiveCfg = Release|Any CPU
		{05138119-219C-9D29-F14A-78A11DAE259A}.Release|Any CPU.Build.0 = Release|Any CPU
		{2F138BEE-937D-DFF0-0653-5106C8BC2F2D}.Debug|Any CPU.ActiveCfg = Debug|Any CPU
		{2F138BEE-937D-DFF0-0653-5106C8BC2F2D}.Debug|Any CPU.Build.0 = Debug|Any CPU
		{2F138BEE-937D-DFF0-0653-5106C8BC2F2D}.Release|Any CPU.ActiveCfg = Release|Any CPU
		{2F138BEE-937D-DFF0-0653-5106C8BC2F2D}.Release|Any CPU.Build.0 = Release|Any CPU
		{3915F370-A5BA-D69E-C9CC-85CAE176E386}.Debug|Any CPU.ActiveCfg = Debug|Any CPU
		{3915F370-A5BA-D69E-C9CC-85CAE176E386}.Debug|Any CPU.Build.0 = Debug|Any CPU
		{3915F370-A5BA-D69E-C9CC-85CAE176E386}.Release|Any CPU.ActiveCfg = Release|Any CPU
		{3915F370-A5BA-D69E-C9CC-85CAE176E386}.Release|Any CPU.Build.0 = Release|Any CPU
		{A17C5D11-5066-9A57-FA2B-B864C4092ECC}.Debug|Any CPU.ActiveCfg = Debug|Any CPU
		{A17C5D11-5066-9A57-FA2B-B864C4092ECC}.Debug|Any CPU.Build.0 = Debug|Any CPU
		{A17C5D11-5066-9A57-FA2B-B864C4092ECC}.Release|Any CPU.ActiveCfg = Release|Any CPU
		{A17C5D11-5066-9A57-FA2B-B864C4092ECC}.Release|Any CPU.Build.0 = Release|Any CPU
		{CE18BC76-3BAA-5247-8126-1706FA42F367}.Debug|Any CPU.ActiveCfg = Debug|Any CPU
		{CE18BC76-3BAA-5247-8126-1706FA42F367}.Debug|Any CPU.Build.0 = Debug|Any CPU
		{CE18BC76-3BAA-5247-8126-1706FA42F367}.Release|Any CPU.ActiveCfg = Release|Any CPU
		{CE18BC76-3BAA-5247-8126-1706FA42F367}.Release|Any CPU.Build.0 = Release|Any CPU
	EndGlobalSection
	GlobalSection(SolutionProperties) = preSolution
		HideSolutionNode = FALSE
	EndGlobalSection
EndGlobal
